
Microsoft Visual Studio Solution File, Format Version 12.00
# Visual Studio Version 17
VisualStudioVersion = 17.4.33110.190
MinimumVisualStudioVersion = 10.0.40219.1
Project("{FAE04EC0-301F-11D3-BF4B-00C04F79EFBC}") = "InventoryModel.cs", "InventoryModel.cs.csproj", "{886F2043-20BB-42F8-8588-FB843D921F7D}"
EndProject
Global
	GlobalSection(SolutionConfigurationPlatforms) = preSolution
		Debug|Any CPU = Debug|Any CPU
		Release|Any CPU = Release|Any CPU
	EndGlobalSection
	GlobalSection(ProjectConfigurationPlatforms) = postSolution
		{886F2043-20BB-42F8-8588-FB843D921F7D}.Debug|Any CPU.ActiveCfg = Debug|Any CPU
		{886F2043-20BB-42F8-8588-FB843D921F7D}.Debug|Any CPU.Build.0 = Debug|Any CPU
		{886F2043-20BB-42F8-8588-FB843D921F7D}.Release|Any CPU.ActiveCfg = Release|Any CPU
		{886F2043-20BB-42F8-8588-FB843D921F7D}.Release|Any CPU.Build.0 = Release|Any CPU
	EndGlobalSection
	GlobalSection(SolutionProperties) = preSolution
		HideSolutionNode = FALSE
	EndGlobalSection
	GlobalSection(ExtensibilityGlobals) = postSolution
		SolutionGuid = {8BD5E33C-3772-4404-A16F-990D6452B5F2}
	EndGlobalSection
EndGlobal
